
Microsoft Visual Studio Solution File, Format Version 12.00
# Visual Studio 15
VisualStudioVersion = 15.0.27703.2042
MinimumVisualStudioVersion = 10.0.40219.1
Project("{FAE04EC0-301F-11D3-BF4B-00C04F79EFBC}") = "MIgrations", "MIgrations\MIgrations.csproj", "{2DF8FF62-5F86-49A8-87E1-75922A3A9A81}"
EndProject
Project("{FAE04EC0-301F-11D3-BF4B-00C04F79EFBC}") = "CodeSecond", "CodeSecond\CodeSecond.csproj", "{2918057B-EF65-49DC-A6CB-A4BA14DE6E4B}"
EndProject
Global
	GlobalSection(SolutionConfigurationPlatforms) = preSolution
		Debug|Any CPU = Debug|Any CPU
		Release|Any CPU = Release|Any CPU
	EndGlobalSection
	GlobalSection(ProjectConfigurationPlatforms) = postSolution
		{2DF8FF62-5F86-49A8-87E1-75922A3A9A81}.Debug|Any CPU.ActiveCfg = Debug|Any CPU
		{2DF8FF62-5F86-49A8-87E1-75922A3A9A81}.Debug|Any CPU.Build.0 = Debug|Any CPU
		{2DF8FF62-5F86-49A8-87E1-75922A3A9A81}.Release|Any CPU.ActiveCfg = Release|Any CPU
		{2DF8FF62-5F86-49A8-87E1-75922A3A9A81}.Release|Any CPU.Build.0 = Release|Any CPU
		{2918057B-EF65-49DC-A6CB-A4BA14DE6E4B}.Debug|Any CPU.ActiveCfg = Debug|Any CPU
		{2918057B-EF65-49DC-A6CB-A4BA14DE6E4B}.Debug|Any CPU.Build.0 = Debug|Any CPU
		{2918057B-EF65-49DC-A6CB-A4BA14DE6E4B}.Release|Any CPU.ActiveCfg = Release|Any CPU
		{2918057B-EF65-49DC-A6CB-A4BA14DE6E4B}.Release|Any CPU.Build.0 = Release|Any CPU
	EndGlobalSection
	GlobalSection(SolutionProperties) = preSolution
		HideSolutionNode = FALSE
	EndGlobalSection
	GlobalSection(ExtensibilityGlobals) = postSolution
		SolutionGuid = {3DFB69F1-CFF3-4430-A3DE-2F005DB302ED}
	EndGlobalSection
EndGlobal
